// !$*UTF8*$!
{
	archiveVersion = 1;
	classes = {
	};
	objectVersion = 46;
	objects = {

/* Begin PBXBuildFile section */
		205553091732D9AF00F8B2E7 /* main.cpp in Sources */ = {isa = PBXBuildFile; fileRef = 205553081732D9AF00F8B2E7 /* main.cpp */; };
		2055530B1732D9AF00F8B2E7 /* Massive.1 in CopyFiles */ = {isa = PBXBuildFile; fileRef = 2055530A1732D9AF00F8B2E7 /* Massive.1 */; };
/* End PBXBuildFile section */

/* Begin PBXCopyFilesBuildPhase section */
		205553031732D9AF00F8B2E7 /* CopyFiles */ = {
			isa = PBXCopyFilesBuildPhase;
			buildActionMask = 2147483647;
			dstPath = /usr/share/man/man1/;
			dstSubfolderSpec = 0;
			files = (
				2055530B1732D9AF00F8B2E7 /* Massive.1 in CopyFiles */,
			);
			runOnlyForDeploymentPostprocessing = 1;
		};
/* End PBXCopyFilesBuildPhase section */

/* Begin PBXFileReference section */
		205553051732D9AF00F8B2E7 /* Massive */ = {isa = PBXFileReference; explicitFileType = "compiled.mach-o.executable"; includeInIndex = 0; path = Massive; sourceTree = BUILT_PRODUCTS_DIR; };
		205553081732D9AF00F8B2E7 /* main.cpp */ = {isa = PBXFileReference; lastKnownFileType = sourcecode.cpp.cpp; path = main.cpp; sourceTree = "<group>"; };
		2055530A1732D9AF00F8B2E7 /* Massive.1 */ = {isa = PBXFileReference; lastKnownFileType = text.man; path = Massive.1; sourceTree = "<group>"; };
/* End PBXFileReference section */

/* Begin PBXFrameworksBuildPhase section */
		205553021732D9AF00F8B2E7 /* Frameworks */ = {
			isa = PBXFrameworksBuildPhase;
			buildActionMask = 2147483647;
			files = (
			);
			runOnlyForDeploymentPostprocessing = 0;
		};
/* End PBXFrameworksBuildPhase section */

/* Begin PBXGroup section */
		205552FC1732D9AF00F8B2E7 = {
			isa = PBXGroup;
			children = (
				205553071732D9AF00F8B2E7 /* Massive */,
				205553061732D9AF00F8B2E7 /* Products */,
			);
			sourceTree = "<group>";
		};
		205553061732D9AF00F8B2E7 /* Products */ = {
			isa = PBXGroup;
			children = (
				205553051732D9AF00F8B2E7 /* Massive */,
			);
			name = Products;
			sourceTree = "<group>";
		};
		205553071732D9AF00F8B2E7 /* Massive */ = {
			isa = PBXGroup;
			children = (
				205553081732D9AF00F8B2E7 /* main.cpp */,
				2055530A1732D9AF00F8B2E7 /* Massive.1 */,
			);
			path = Massive;
			sourceTree = "<group>";
		};
/* End PBXGroup section */

/* Begin PBXNativeTarget section */
		205553041732D9AF00F8B2E7 /* Massive */ = {
			isa = PBXNativeTarget;
			buildConfigurationList = 2055530E1732D9AF00F8B2E7 /* Build configuration list for PBXNativeTarget "Massive" */;
			buildPhases = (
				205553011732D9AF00F8B2E7 /* Sources */,
				205553021732D9AF00F8B2E7 /* Frameworks */,
				205553031732D9AF00F8B2E7 /* CopyFiles */,
			);
			buildRules = (
			);
			dependencies = (
			);
			name = Massive;
			productName = Massive;
			productReference = 205553051732D9AF00F8B2E7 /* Massive */;
			productType = "com.apple.product-type.tool";
		};
/* End PBXNativeTarget section */

/* Begin PBXProject section */
		205552FD1732D9AF00F8B2E7 /* Project object */ = {
			isa = PBXProject;
			attributes = {
				LastUpgradeCheck = 0460;
				ORGANIZATIONNAME = "Massive Danger";
			};
			buildConfigurationList = 205553001732D9AF00F8B2E7 /* Build configuration list for PBXProject "Massive" */;
			compatibilityVersion = "Xcode 3.2";
			developmentRegion = English;
			hasScannedForEncodings = 0;
			knownRegions = (
				en,
			);
			mainGroup = 205552FC1732D9AF00F8B2E7;
			productRefGroup = 205553061732D9AF00F8B2E7 /* Products */;
			projectDirPath = "";
			projectRoot = "";
			targets = (
				205553041732D9AF00F8B2E7 /* Massive */,
			);
		};
/* End PBXProject section */

/* Begin PBXSourcesBuildPhase section */
		205553011732D9AF00F8B2E7 /* Sources */ = {
			isa = PBXSourcesBuildPhase;
			buildActionMask = 2147483647;
			files = (
				205553091732D9AF00F8B2E7 /* main.cpp in Sources */,
			);
			runOnlyForDeploymentPostprocessing = 0;
		};
/* End PBXSourcesBuildPhase section */

/* Begin XCBuildConfiguration section */
		2055530C1732D9AF00F8B2E7 /* Debug */ = {
			isa = XCBuildConfiguration;
			buildSettings = {
				ALWAYS_SEARCH_USER_PATHS = NO;
				ARCHS = "$(ARCHS_STANDARD_64_BIT)";
				CLANG_CXX_LANGUAGE_STANDARD = "gnu++0x";
				CLANG_CXX_LIBRARY = "libc++";
				CLANG_WARN_CONSTANT_CONVERSION = YES;
				CLANG_WARN_EMPTY_BODY = YES;
				CLANG_WARN_ENUM_CONVERSION = YES;
				CLANG_WARN_INT_CONVERSION = YES;
				CLANG_WARN__DUPLICATE_METHOD_MATCH = YES;
				COPY_PHASE_STRIP = NO;
				GCC_C_LANGUAGE_STANDARD = gnu99;
				GCC_DYNAMIC_NO_PIC = NO;
				GCC_ENABLE_OBJC_EXCEPTIONS = YES;
				GCC_OPTIMIZATION_LEVEL = 0;
				GCC_PREPROCESSOR_DEFINITIONS = (
					"DEBUG=1",
					"$(inherited)",
				);
				GCC_SYMBOLS_PRIVATE_EXTERN = NO;
				GCC_WARN_64_TO_32_BIT_CONVERSION = YES;
				GCC_WARN_ABOUT_RETURN_TYPE = YES;
				GCC_WARN_UNINITIALIZED_AUTOS = YES;
				GCC_WARN_UNUSED_VARIABLE = YES;
				MACOSX_DEPLOYMENT_TARGET = 10.8;
				ONLY_ACTIVE_ARCH = YES;
				SDKROOT = macosx;
			};
			name = Debug;
		};
		2055530D1732D9AF00F8B2E7 /* Release */ = {
			isa = XCBuildConfiguration;
			buildSettings = {
				ALWAYS_SEARCH_USER_PATHS = NO;
				ARCHS = "$(ARCHS_STANDARD_64_BIT)";
				CLANG_CXX_LANGUAGE_STANDARD = "gnu++0x";
				CLANG_CXX_LIBRARY = "libc++";
				CLANG_WARN_CONSTANT_CONVERSION = YES;
				CLANG_WARN_EMPTY_BODY = YES;
				CLANG_WARN_ENUM_CONVERSION = YES;
				CLANG_WARN_INT_CONVERSION = YES;
				CLANG_WARN__DUPLICATE_METHOD_MATCH = YES;
				COPY_PHASE_STRIP = YES;
				DEBUG_INFORMATION_FORMAT = "dwarf-with-dsym";
				GCC_C_LANGUAGE_STANDARD = gnu99;
				GCC_ENABLE_OBJC_EXCEPTIONS = YES;
				GCC_WARN_64_TO_32_BIT_CONVERSION = YES;
				GCC_WARN_ABOUT_RETURN_TYPE = YES;
				GCC_WARN_UNINITIALIZED_AUTOS = YES;
				GCC_WARN_UNUSED_VARIABLE = YES;
				MACOSX_DEPLOYMENT_TARGET = 10.8;
				SDKROOT = macosx;
			};
			name = Release;
		};
		2055530F1732D9AF00F8B2E7 /* Debug */ = {
			isa = XCBuildConfiguration;
			buildSettings = {
				PRODUCT_NAME = "$(TARGET_NAME)";
			};
			name = Debug;
		};
		205553101732D9AF00F8B2E7 /* Release */ = {
			isa = XCBuildConfiguration;
			buildSettings = {
				PRODUCT_NAME = "$(TARGET_NAME)";
			};
			name = Release;
		};
/* End XCBuildConfiguration section */

/* Begin XCConfigurationList section */
		205553001732D9AF00F8B2E7 /* Build configuration list for PBXProject "Massive" */ = {
			isa = XCConfigurationList;
			buildConfigurations = (
				2055530C1732D9AF00F8B2E7 /* Debug */,
				2055530D1732D9AF00F8B2E7 /* Release */,
			);
			defaultConfigurationIsVisible = 0;
			defaultConfigurationName = Release;
		};
		2055530E1732D9AF00F8B2E7 /* Build configuration list for PBXNativeTarget "Massive" */ = {
			isa = XCConfigurationList;
			buildConfigurations = (
				2055530F1732D9AF00F8B2E7 /* Debug */,
				205553101732D9AF00F8B2E7 /* Release */,
			);
			defaultConfigurationIsVisible = 0;
		};
/* End XCConfigurationList section */
	};
	rootObject = 205552FD1732D9AF00F8B2E7 /* Project object */;
}
