// !$*UTF8*$!
{
	archiveVersion = 1;
	classes = {
	};
	objectVersion = 46;
	objects = {

/* Begin PBXBuildFile section */
		201EB24117334A750061138C /* World.cpp in Sources */ = {isa = PBXBuildFile; fileRef = 201EB23F17334A750061138C /* World.cpp */; };
		201EB24417334B8C0061138C /* State.cpp in Sources */ = {isa = PBXBuildFile; fileRef = 201EB24217334B8C0061138C /* State.cpp */; };
		201EB24817334C170061138C /* Preferences.cpp in Sources */ = {isa = PBXBuildFile; fileRef = 201EB24617334C170061138C /* Preferences.cpp */; };
		201EB24B17334C2A0061138C /* Logger.cpp in Sources */ = {isa = PBXBuildFile; fileRef = 201EB24917334C2A0061138C /* Logger.cpp */; };
		201EB24F17334C3E0061138C /* Entity.cpp in Sources */ = {isa = PBXBuildFile; fileRef = 201EB24D17334C3E0061138C /* Entity.cpp */; };
		201EB2521733509E0061138C /* Screen.cpp in Sources */ = {isa = PBXBuildFile; fileRef = 201EB2501733509E0061138C /* Screen.cpp */; };
		201EB255173352A10061138C /* Observer.cpp in Sources */ = {isa = PBXBuildFile; fileRef = 201EB253173352A10061138C /* Observer.cpp */; };
		201EB259173353020061138C /* HUD.cpp in Sources */ = {isa = PBXBuildFile; fileRef = 201EB257173353020061138C /* HUD.cpp */; };
		201EB25C1733530E0061138C /* HUDLayer.cpp in Sources */ = {isa = PBXBuildFile; fileRef = 201EB25A1733530E0061138C /* HUDLayer.cpp */; };
		201EB25F173355620061138C /* Actor.cpp in Sources */ = {isa = PBXBuildFile; fileRef = 201EB25D173355620061138C /* Actor.cpp */; };
		201EB262173355670061138C /* Light.cpp in Sources */ = {isa = PBXBuildFile; fileRef = 201EB260173355670061138C /* Light.cpp */; };
		201EB26717341C790061138C /* Message.cpp in Sources */ = {isa = PBXBuildFile; fileRef = 201EB26517341C790061138C /* Message.cpp */; };
		205553091732D9AF00F8B2E7 /* main.cpp in Sources */ = {isa = PBXBuildFile; fileRef = 205553081732D9AF00F8B2E7 /* main.cpp */; };
		2055533A1732DC9F00F8B2E7 /* cocoa_enable.m in Sources */ = {isa = PBXBuildFile; fileRef = 205553221732DC9F00F8B2E7 /* cocoa_enable.m */; };
		2055533B1732DC9F00F8B2E7 /* cocoa_fullscreen.m in Sources */ = {isa = PBXBuildFile; fileRef = 205553231732DC9F00F8B2E7 /* cocoa_fullscreen.m */; };
		2055533C1732DC9F00F8B2E7 /* cocoa_glext.m in Sources */ = {isa = PBXBuildFile; fileRef = 205553241732DC9F00F8B2E7 /* cocoa_glext.m */; };
		2055533D1732DC9F00F8B2E7 /* cocoa_init.m in Sources */ = {isa = PBXBuildFile; fileRef = 205553251732DC9F00F8B2E7 /* cocoa_init.m */; };
		2055533E1732DC9F00F8B2E7 /* cocoa_joystick.m in Sources */ = {isa = PBXBuildFile; fileRef = 205553261732DC9F00F8B2E7 /* cocoa_joystick.m */; };
		2055533F1732DC9F00F8B2E7 /* cocoa_thread.c in Sources */ = {isa = PBXBuildFile; fileRef = 205553271732DC9F00F8B2E7 /* cocoa_thread.c */; };
		205553401732DC9F00F8B2E7 /* cocoa_time.m in Sources */ = {isa = PBXBuildFile; fileRef = 205553281732DC9F00F8B2E7 /* cocoa_time.m */; };
		205553411732DC9F00F8B2E7 /* cocoa_window.m in Sources */ = {isa = PBXBuildFile; fileRef = 205553291732DC9F00F8B2E7 /* cocoa_window.m */; };
		205553421732DC9F00F8B2E7 /* platform.h in Headers */ = {isa = PBXBuildFile; fileRef = 2055532C1732DC9F00F8B2E7 /* platform.h */; };
		205553431732DC9F00F8B2E7 /* enable.c in Sources */ = {isa = PBXBuildFile; fileRef = 2055532D1732DC9F00F8B2E7 /* enable.c */; };
		205553441732DC9F00F8B2E7 /* fullscreen.c in Sources */ = {isa = PBXBuildFile; fileRef = 2055532E1732DC9F00F8B2E7 /* fullscreen.c */; };
		205553451732DC9F00F8B2E7 /* glext.c in Sources */ = {isa = PBXBuildFile; fileRef = 2055532F1732DC9F00F8B2E7 /* glext.c */; };
		205553461732DC9F00F8B2E7 /* image.c in Sources */ = {isa = PBXBuildFile; fileRef = 205553301732DC9F00F8B2E7 /* image.c */; };
		205553471732DC9F00F8B2E7 /* init.c in Sources */ = {isa = PBXBuildFile; fileRef = 205553311732DC9F00F8B2E7 /* init.c */; };
		205553481732DC9F00F8B2E7 /* input.c in Sources */ = {isa = PBXBuildFile; fileRef = 205553321732DC9F00F8B2E7 /* input.c */; };
		205553491732DC9F00F8B2E7 /* internal.h in Headers */ = {isa = PBXBuildFile; fileRef = 205553331732DC9F00F8B2E7 /* internal.h */; };
		2055534A1732DC9F00F8B2E7 /* joystick.c in Sources */ = {isa = PBXBuildFile; fileRef = 205553341732DC9F00F8B2E7 /* joystick.c */; };
		2055534B1732DC9F00F8B2E7 /* stream.c in Sources */ = {isa = PBXBuildFile; fileRef = 205553351732DC9F00F8B2E7 /* stream.c */; };
		2055534C1732DC9F00F8B2E7 /* tga.c in Sources */ = {isa = PBXBuildFile; fileRef = 205553361732DC9F00F8B2E7 /* tga.c */; };
		2055534D1732DC9F00F8B2E7 /* thread.c in Sources */ = {isa = PBXBuildFile; fileRef = 205553371732DC9F00F8B2E7 /* thread.c */; };
		2055534E1732DC9F00F8B2E7 /* time.c in Sources */ = {isa = PBXBuildFile; fileRef = 205553381732DC9F00F8B2E7 /* time.c */; };
		2055534F1732DC9F00F8B2E7 /* window.c in Sources */ = {isa = PBXBuildFile; fileRef = 205553391732DC9F00F8B2E7 /* window.c */; };
		2055535E1732DD3000F8B2E7 /* libGLFW.a in Frameworks */ = {isa = PBXBuildFile; fileRef = 205553161732DC8300F8B2E7 /* libGLFW.a */; };
		2055536A1732DE6900F8B2E7 /* OpenGL.framework in Frameworks */ = {isa = PBXBuildFile; fileRef = 205553561732DD1E00F8B2E7 /* OpenGL.framework */; };
		2055536B1732DE6E00F8B2E7 /* CoreFoundation.framework in Frameworks */ = {isa = PBXBuildFile; fileRef = 2055535C1732DD2D00F8B2E7 /* CoreFoundation.framework */; };
		2055536C1732DE7100F8B2E7 /* IOKit.framework in Frameworks */ = {isa = PBXBuildFile; fileRef = 205553581732DD2300F8B2E7 /* IOKit.framework */; };
		2055536D1732DE7900F8B2E7 /* CoreGraphics.framework in Frameworks */ = {isa = PBXBuildFile; fileRef = 2055535A1732DD2900F8B2E7 /* CoreGraphics.framework */; };
		2055536F1732DE8300F8B2E7 /* Foundation.framework in Frameworks */ = {isa = PBXBuildFile; fileRef = 2055536E1732DE8300F8B2E7 /* Foundation.framework */; };
		205553711732DE8A00F8B2E7 /* AppKit.framework in Frameworks */ = {isa = PBXBuildFile; fileRef = 205553701732DE8A00F8B2E7 /* AppKit.framework */; };
		2091BBE6173D63AF008D6FC3 /* glew.h in Headers */ = {isa = PBXBuildFile; fileRef = 2091BBDF173D63AF008D6FC3 /* glew.h */; };
		2091BBE7173D63AF008D6FC3 /* glxew.h in Headers */ = {isa = PBXBuildFile; fileRef = 2091BBE0173D63AF008D6FC3 /* glxew.h */; };
		2091BBE8173D63AF008D6FC3 /* wglew.h in Headers */ = {isa = PBXBuildFile; fileRef = 2091BBE1173D63AF008D6FC3 /* wglew.h */; };
		2091BBE9173D63AF008D6FC3 /* glew.c in Sources */ = {isa = PBXBuildFile; fileRef = 2091BBE3173D63AF008D6FC3 /* glew.c */; };
		2091BBEA173D63AF008D6FC3 /* glewinfo.c in Sources */ = {isa = PBXBuildFile; fileRef = 2091BBE4173D63AF008D6FC3 /* glewinfo.c */; };
		2091BBEB173D63AF008D6FC3 /* visualinfo.c in Sources */ = {isa = PBXBuildFile; fileRef = 2091BBE5173D63AF008D6FC3 /* visualinfo.c */; };
		20A3F45C173ABEC400811687 /* Text.cpp in Sources */ = {isa = PBXBuildFile; fileRef = 20A3F45A173ABEC400811687 /* Text.cpp */; };
/* End PBXBuildFile section */

/* Begin PBXContainerItemProxy section */
		2091BBEC173D63F7008D6FC3 /* PBXContainerItemProxy */ = {
			isa = PBXContainerItemProxy;
			containerPortal = 205552FD1732D9AF00F8B2E7 /* Project object */;
			proxyType = 1;
			remoteGlobalIDString = 2091BBD8173D63A7008D6FC3;
			remoteInfo = GLEW;
		};
		20E4180417396C2A0030799D /* PBXContainerItemProxy */ = {
			isa = PBXContainerItemProxy;
			containerPortal = 205552FD1732D9AF00F8B2E7 /* Project object */;
			proxyType = 1;
			remoteGlobalIDString = 205553151732DC8300F8B2E7;
			remoteInfo = GLFW;
		};
/* End PBXContainerItemProxy section */

/* Begin PBXFileReference section */
		201EB23F17334A750061138C /* World.cpp */ = {isa = PBXFileReference; fileEncoding = 4; lastKnownFileType = sourcecode.cpp.cpp; path = World.cpp; sourceTree = "<group>"; };
		201EB24017334A750061138C /* World.h */ = {isa = PBXFileReference; fileEncoding = 4; lastKnownFileType = sourcecode.c.h; path = World.h; sourceTree = "<group>"; };
		201EB24217334B8C0061138C /* State.cpp */ = {isa = PBXFileReference; fileEncoding = 4; lastKnownFileType = sourcecode.cpp.cpp; path = State.cpp; sourceTree = "<group>"; };
		201EB24317334B8C0061138C /* State.h */ = {isa = PBXFileReference; fileEncoding = 4; lastKnownFileType = sourcecode.c.h; path = State.h; sourceTree = "<group>"; };
		201EB24617334C170061138C /* Preferences.cpp */ = {isa = PBXFileReference; fileEncoding = 4; lastKnownFileType = sourcecode.cpp.cpp; path = Preferences.cpp; sourceTree = "<group>"; };
		201EB24717334C170061138C /* Preferences.h */ = {isa = PBXFileReference; fileEncoding = 4; lastKnownFileType = sourcecode.c.h; path = Preferences.h; sourceTree = "<group>"; };
		201EB24917334C2A0061138C /* Logger.cpp */ = {isa = PBXFileReference; fileEncoding = 4; lastKnownFileType = sourcecode.cpp.cpp; path = Logger.cpp; sourceTree = "<group>"; };
		201EB24A17334C2A0061138C /* Logger.h */ = {isa = PBXFileReference; fileEncoding = 4; lastKnownFileType = sourcecode.c.h; path = Logger.h; sourceTree = "<group>"; };
		201EB24D17334C3E0061138C /* Entity.cpp */ = {isa = PBXFileReference; fileEncoding = 4; lastKnownFileType = sourcecode.cpp.cpp; path = Entity.cpp; sourceTree = "<group>"; };
		201EB24E17334C3E0061138C /* Entity.h */ = {isa = PBXFileReference; fileEncoding = 4; lastKnownFileType = sourcecode.c.h; path = Entity.h; sourceTree = "<group>"; };
		201EB2501733509E0061138C /* Screen.cpp */ = {isa = PBXFileReference; fileEncoding = 4; lastKnownFileType = sourcecode.cpp.cpp; path = Screen.cpp; sourceTree = "<group>"; };
		201EB2511733509E0061138C /* Screen.h */ = {isa = PBXFileReference; fileEncoding = 4; lastKnownFileType = sourcecode.c.h; path = Screen.h; sourceTree = "<group>"; };
		201EB253173352A10061138C /* Observer.cpp */ = {isa = PBXFileReference; fileEncoding = 4; lastKnownFileType = sourcecode.cpp.cpp; path = Observer.cpp; sourceTree = "<group>"; };
		201EB254173352A10061138C /* Observer.h */ = {isa = PBXFileReference; fileEncoding = 4; lastKnownFileType = sourcecode.c.h; path = Observer.h; sourceTree = "<group>"; };
		201EB257173353020061138C /* HUD.cpp */ = {isa = PBXFileReference; fileEncoding = 4; lastKnownFileType = sourcecode.cpp.cpp; path = HUD.cpp; sourceTree = "<group>"; };
		201EB258173353020061138C /* HUD.h */ = {isa = PBXFileReference; fileEncoding = 4; lastKnownFileType = sourcecode.c.h; path = HUD.h; sourceTree = "<group>"; };
		201EB25A1733530E0061138C /* HUDLayer.cpp */ = {isa = PBXFileReference; fileEncoding = 4; lastKnownFileType = sourcecode.cpp.cpp; path = HUDLayer.cpp; sourceTree = "<group>"; };
		201EB25B1733530E0061138C /* HUDLayer.h */ = {isa = PBXFileReference; fileEncoding = 4; lastKnownFileType = sourcecode.c.h; path = HUDLayer.h; sourceTree = "<group>"; };
		201EB25D173355620061138C /* Actor.cpp */ = {isa = PBXFileReference; fileEncoding = 4; lastKnownFileType = sourcecode.cpp.cpp; path = Actor.cpp; sourceTree = "<group>"; };
		201EB25E173355620061138C /* Actor.h */ = {isa = PBXFileReference; fileEncoding = 4; lastKnownFileType = sourcecode.c.h; path = Actor.h; sourceTree = "<group>"; };
		201EB260173355670061138C /* Light.cpp */ = {isa = PBXFileReference; fileEncoding = 4; lastKnownFileType = sourcecode.cpp.cpp; path = Light.cpp; sourceTree = "<group>"; };
		201EB261173355670061138C /* Light.h */ = {isa = PBXFileReference; fileEncoding = 4; lastKnownFileType = sourcecode.c.h; path = Light.h; sourceTree = "<group>"; };
		201EB263173355DA0061138C /* README.md */ = {isa = PBXFileReference; fileEncoding = 4; lastKnownFileType = text; path = README.md; sourceTree = "<group>"; };
		201EB264173356870061138C /* LICENSE.txt */ = {isa = PBXFileReference; fileEncoding = 4; lastKnownFileType = text; path = LICENSE.txt; sourceTree = "<group>"; };
		201EB26517341C790061138C /* Message.cpp */ = {isa = PBXFileReference; fileEncoding = 4; lastKnownFileType = sourcecode.cpp.cpp; path = Message.cpp; sourceTree = "<group>"; };
		201EB26617341C790061138C /* Message.h */ = {isa = PBXFileReference; fileEncoding = 4; lastKnownFileType = sourcecode.c.h; path = Message.h; sourceTree = "<group>"; };
		201EB2681734201D0061138C /* Massive.h */ = {isa = PBXFileReference; explicitFileType = sourcecode.cpp.h; fileEncoding = 4; path = Massive.h; sourceTree = "<group>"; };
		205553051732D9AF00F8B2E7 /* Massive */ = {isa = PBXFileReference; explicitFileType = "compiled.mach-o.executable"; includeInIndex = 0; path = Massive; sourceTree = BUILT_PRODUCTS_DIR; };
		205553081732D9AF00F8B2E7 /* main.cpp */ = {isa = PBXFileReference; lastKnownFileType = sourcecode.cpp.cpp; path = main.cpp; sourceTree = "<group>"; };
		205553161732DC8300F8B2E7 /* libGLFW.a */ = {isa = PBXFileReference; explicitFileType = archive.ar; includeInIndex = 0; path = libGLFW.a; sourceTree = BUILT_PRODUCTS_DIR; };
		205553221732DC9F00F8B2E7 /* cocoa_enable.m */ = {isa = PBXFileReference; fileEncoding = 4; lastKnownFileType = sourcecode.c.objc; path = cocoa_enable.m; sourceTree = "<group>"; };
		205553231732DC9F00F8B2E7 /* cocoa_fullscreen.m */ = {isa = PBXFileReference; fileEncoding = 4; lastKnownFileType = sourcecode.c.objc; path = cocoa_fullscreen.m; sourceTree = "<group>"; };
		205553241732DC9F00F8B2E7 /* cocoa_glext.m */ = {isa = PBXFileReference; fileEncoding = 4; lastKnownFileType = sourcecode.c.objc; path = cocoa_glext.m; sourceTree = "<group>"; };
		205553251732DC9F00F8B2E7 /* cocoa_init.m */ = {isa = PBXFileReference; fileEncoding = 4; lastKnownFileType = sourcecode.c.objc; path = cocoa_init.m; sourceTree = "<group>"; };
		205553261732DC9F00F8B2E7 /* cocoa_joystick.m */ = {isa = PBXFileReference; fileEncoding = 4; lastKnownFileType = sourcecode.c.objc; path = cocoa_joystick.m; sourceTree = "<group>"; };
		205553271732DC9F00F8B2E7 /* cocoa_thread.c */ = {isa = PBXFileReference; fileEncoding = 4; lastKnownFileType = sourcecode.c.c; path = cocoa_thread.c; sourceTree = "<group>"; };
		205553281732DC9F00F8B2E7 /* cocoa_time.m */ = {isa = PBXFileReference; fileEncoding = 4; lastKnownFileType = sourcecode.c.objc; path = cocoa_time.m; sourceTree = "<group>"; };
		205553291732DC9F00F8B2E7 /* cocoa_window.m */ = {isa = PBXFileReference; fileEncoding = 4; lastKnownFileType = sourcecode.c.objc; path = cocoa_window.m; sourceTree = "<group>"; };
		2055532A1732DC9F00F8B2E7 /* libglfw.pc.in */ = {isa = PBXFileReference; fileEncoding = 4; lastKnownFileType = text; path = libglfw.pc.in; sourceTree = "<group>"; };
		2055532B1732DC9F00F8B2E7 /* Makefile.cocoa */ = {isa = PBXFileReference; fileEncoding = 4; lastKnownFileType = text; path = Makefile.cocoa; sourceTree = "<group>"; };
		2055532C1732DC9F00F8B2E7 /* platform.h */ = {isa = PBXFileReference; fileEncoding = 4; lastKnownFileType = sourcecode.c.h; path = platform.h; sourceTree = "<group>"; };
		2055532D1732DC9F00F8B2E7 /* enable.c */ = {isa = PBXFileReference; fileEncoding = 4; lastKnownFileType = sourcecode.c.c; name = enable.c; path = "Libraries/glfw-2.7.8/lib/enable.c"; sourceTree = "<group>"; };
		2055532E1732DC9F00F8B2E7 /* fullscreen.c */ = {isa = PBXFileReference; fileEncoding = 4; lastKnownFileType = sourcecode.c.c; name = fullscreen.c; path = "Libraries/glfw-2.7.8/lib/fullscreen.c"; sourceTree = "<group>"; };
		2055532F1732DC9F00F8B2E7 /* glext.c */ = {isa = PBXFileReference; fileEncoding = 4; lastKnownFileType = sourcecode.c.c; name = glext.c; path = "Libraries/glfw-2.7.8/lib/glext.c"; sourceTree = "<group>"; };
		205553301732DC9F00F8B2E7 /* image.c */ = {isa = PBXFileReference; fileEncoding = 4; lastKnownFileType = sourcecode.c.c; name = image.c; path = "Libraries/glfw-2.7.8/lib/image.c"; sourceTree = "<group>"; };
		205553311732DC9F00F8B2E7 /* init.c */ = {isa = PBXFileReference; fileEncoding = 4; lastKnownFileType = sourcecode.c.c; name = init.c; path = "Libraries/glfw-2.7.8/lib/init.c"; sourceTree = "<group>"; };
		205553321732DC9F00F8B2E7 /* input.c */ = {isa = PBXFileReference; fileEncoding = 4; lastKnownFileType = sourcecode.c.c; name = input.c; path = "Libraries/glfw-2.7.8/lib/input.c"; sourceTree = "<group>"; };
		205553331732DC9F00F8B2E7 /* internal.h */ = {isa = PBXFileReference; fileEncoding = 4; lastKnownFileType = sourcecode.c.h; name = internal.h; path = "Libraries/glfw-2.7.8/lib/internal.h"; sourceTree = "<group>"; };
		205553341732DC9F00F8B2E7 /* joystick.c */ = {isa = PBXFileReference; fileEncoding = 4; lastKnownFileType = sourcecode.c.c; name = joystick.c; path = "Libraries/glfw-2.7.8/lib/joystick.c"; sourceTree = "<group>"; };
		205553351732DC9F00F8B2E7 /* stream.c */ = {isa = PBXFileReference; fileEncoding = 4; lastKnownFileType = sourcecode.c.c; name = stream.c; path = "Libraries/glfw-2.7.8/lib/stream.c"; sourceTree = "<group>"; };
		205553361732DC9F00F8B2E7 /* tga.c */ = {isa = PBXFileReference; fileEncoding = 4; lastKnownFileType = sourcecode.c.c; name = tga.c; path = "Libraries/glfw-2.7.8/lib/tga.c"; sourceTree = "<group>"; };
		205553371732DC9F00F8B2E7 /* thread.c */ = {isa = PBXFileReference; fileEncoding = 4; lastKnownFileType = sourcecode.c.c; name = thread.c; path = "Libraries/glfw-2.7.8/lib/thread.c"; sourceTree = "<group>"; };
		205553381732DC9F00F8B2E7 /* time.c */ = {isa = PBXFileReference; fileEncoding = 4; lastKnownFileType = sourcecode.c.c; name = time.c; path = "Libraries/glfw-2.7.8/lib/time.c"; sourceTree = "<group>"; };
		205553391732DC9F00F8B2E7 /* window.c */ = {isa = PBXFileReference; fileEncoding = 4; lastKnownFileType = sourcecode.c.c; name = window.c; path = "Libraries/glfw-2.7.8/lib/window.c"; sourceTree = "<group>"; };
		205553561732DD1E00F8B2E7 /* OpenGL.framework */ = {isa = PBXFileReference; lastKnownFileType = wrapper.framework; name = OpenGL.framework; path = System/Library/Frameworks/OpenGL.framework; sourceTree = SDKROOT; };
		205553581732DD2300F8B2E7 /* IOKit.framework */ = {isa = PBXFileReference; lastKnownFileType = wrapper.framework; name = IOKit.framework; path = System/Library/Frameworks/IOKit.framework; sourceTree = SDKROOT; };
		2055535A1732DD2900F8B2E7 /* CoreGraphics.framework */ = {isa = PBXFileReference; lastKnownFileType = wrapper.framework; name = CoreGraphics.framework; path = System/Library/Frameworks/CoreGraphics.framework; sourceTree = SDKROOT; };
		2055535C1732DD2D00F8B2E7 /* CoreFoundation.framework */ = {isa = PBXFileReference; lastKnownFileType = wrapper.framework; name = CoreFoundation.framework; path = System/Library/Frameworks/CoreFoundation.framework; sourceTree = SDKROOT; };
		2055536E1732DE8300F8B2E7 /* Foundation.framework */ = {isa = PBXFileReference; lastKnownFileType = wrapper.framework; name = Foundation.framework; path = System/Library/Frameworks/Foundation.framework; sourceTree = SDKROOT; };
		205553701732DE8A00F8B2E7 /* AppKit.framework */ = {isa = PBXFileReference; lastKnownFileType = wrapper.framework; name = AppKit.framework; path = System/Library/Frameworks/AppKit.framework; sourceTree = SDKROOT; };
		2091BBD9173D63A7008D6FC3 /* libGLEW.a */ = {isa = PBXFileReference; explicitFileType = archive.ar; includeInIndex = 0; path = libGLEW.a; sourceTree = BUILT_PRODUCTS_DIR; };
		2091BBDF173D63AF008D6FC3 /* glew.h */ = {isa = PBXFileReference; fileEncoding = 4; lastKnownFileType = sourcecode.c.h; path = glew.h; sourceTree = "<group>"; };
		2091BBE0173D63AF008D6FC3 /* glxew.h */ = {isa = PBXFileReference; fileEncoding = 4; lastKnownFileType = sourcecode.c.h; path = glxew.h; sourceTree = "<group>"; };
		2091BBE1173D63AF008D6FC3 /* wglew.h */ = {isa = PBXFileReference; fileEncoding = 4; lastKnownFileType = sourcecode.c.h; path = wglew.h; sourceTree = "<group>"; };
		2091BBE3173D63AF008D6FC3 /* glew.c */ = {isa = PBXFileReference; fileEncoding = 4; lastKnownFileType = sourcecode.c.c; path = glew.c; sourceTree = "<group>"; };
		2091BBE4173D63AF008D6FC3 /* glewinfo.c */ = {isa = PBXFileReference; fileEncoding = 4; lastKnownFileType = sourcecode.c.c; path = glewinfo.c; sourceTree = "<group>"; };
		2091BBE5173D63AF008D6FC3 /* visualinfo.c */ = {isa = PBXFileReference; fileEncoding = 4; lastKnownFileType = sourcecode.c.c; path = visualinfo.c; sourceTree = "<group>"; };
		20A3F45A173ABEC400811687 /* Text.cpp */ = {isa = PBXFileReference; fileEncoding = 4; lastKnownFileType = sourcecode.cpp.cpp; path = Text.cpp; sourceTree = "<group>"; };
		20A3F45B173ABEC400811687 /* Text.h */ = {isa = PBXFileReference; fileEncoding = 4; lastKnownFileType = sourcecode.c.h; path = Text.h; sourceTree = "<group>"; };
		20E4180917396C5C0030799D /* AGL.framework */ = {isa = PBXFileReference; lastKnownFileType = wrapper.framework; name = AGL.framework; path = System/Library/Frameworks/AGL.framework; sourceTree = SDKROOT; };
		20E418B217396E690030799D /* FTBBox.h */ = {isa = PBXFileReference; fileEncoding = 4; lastKnownFileType = sourcecode.c.h; path = FTBBox.h; sourceTree = "<group>"; };
		20E418B317396E690030799D /* FTBitmapGlyph.h */ = {isa = PBXFileReference; fileEncoding = 4; lastKnownFileType = sourcecode.c.h; path = FTBitmapGlyph.h; sourceTree = "<group>"; };
		20E418B417396E690030799D /* FTCharmap.h */ = {isa = PBXFileReference; fileEncoding = 4; lastKnownFileType = sourcecode.c.h; path = FTCharmap.h; sourceTree = "<group>"; };
		20E418B517396E690030799D /* FTCharToGlyphIndexMap.h */ = {isa = PBXFileReference; fileEncoding = 4; lastKnownFileType = sourcecode.c.h; path = FTCharToGlyphIndexMap.h; sourceTree = "<group>"; };
		20E418B617396E690030799D /* FTContour.h */ = {isa = PBXFileReference; fileEncoding = 4; lastKnownFileType = sourcecode.c.h; path = FTContour.h; sourceTree = "<group>"; };
		20E418B717396E690030799D /* FTExtrdGlyph.h */ = {isa = PBXFileReference; fileEncoding = 4; lastKnownFileType = sourcecode.c.h; path = FTExtrdGlyph.h; sourceTree = "<group>"; };
		20E418B817396E690030799D /* FTFace.h */ = {isa = PBXFileReference; fileEncoding = 4; lastKnownFileType = sourcecode.c.h; path = FTFace.h; sourceTree = "<group>"; };
		20E418B917396E690030799D /* FTFont.h */ = {isa = PBXFileReference; fileEncoding = 4; lastKnownFileType = sourcecode.c.h; path = FTFont.h; sourceTree = "<group>"; };
		20E418BA17396E690030799D /* FTGL.h */ = {isa = PBXFileReference; fileEncoding = 4; lastKnownFileType = sourcecode.c.h; path = FTGL.h; sourceTree = "<group>"; };
		20E418BB17396E690030799D /* FTGLBitmapFont.h */ = {isa = PBXFileReference; fileEncoding = 4; lastKnownFileType = sourcecode.c.h; path = FTGLBitmapFont.h; sourceTree = "<group>"; };
		20E418BC17396E690030799D /* FTGLExtrdFont.h */ = {isa = PBXFileReference; fileEncoding = 4; lastKnownFileType = sourcecode.c.h; path = FTGLExtrdFont.h; sourceTree = "<group>"; };
		20E418BD17396E690030799D /* FTGLOutlineFont.h */ = {isa = PBXFileReference; fileEncoding = 4; lastKnownFileType = sourcecode.c.h; path = FTGLOutlineFont.h; sourceTree = "<group>"; };
		20E418BE17396E690030799D /* FTGLPixmapFont.h */ = {isa = PBXFileReference; fileEncoding = 4; lastKnownFileType = sourcecode.c.h; path = FTGLPixmapFont.h; sourceTree = "<group>"; };
		20E418BF17396E690030799D /* FTGLPolygonFont.h */ = {isa = PBXFileReference; fileEncoding = 4; lastKnownFileType = sourcecode.c.h; path = FTGLPolygonFont.h; sourceTree = "<group>"; };
		20E418C017396E690030799D /* FTGLTextureFont.h */ = {isa = PBXFileReference; fileEncoding = 4; lastKnownFileType = sourcecode.c.h; path = FTGLTextureFont.h; sourceTree = "<group>"; };
		20E418C117396E690030799D /* FTGlyph.h */ = {isa = PBXFileReference; fileEncoding = 4; lastKnownFileType = sourcecode.c.h; path = FTGlyph.h; sourceTree = "<group>"; };
		20E418C217396E690030799D /* FTGlyphContainer.h */ = {isa = PBXFileReference; fileEncoding = 4; lastKnownFileType = sourcecode.c.h; path = FTGlyphContainer.h; sourceTree = "<group>"; };
		20E418C317396E690030799D /* FTLibrary.h */ = {isa = PBXFileReference; fileEncoding = 4; lastKnownFileType = sourcecode.c.h; path = FTLibrary.h; sourceTree = "<group>"; };
		20E418C417396E690030799D /* FTList.h */ = {isa = PBXFileReference; fileEncoding = 4; lastKnownFileType = sourcecode.c.h; path = FTList.h; sourceTree = "<group>"; };
		20E418C517396E690030799D /* FTOutlineGlyph.h */ = {isa = PBXFileReference; fileEncoding = 4; lastKnownFileType = sourcecode.c.h; path = FTOutlineGlyph.h; sourceTree = "<group>"; };
		20E418C617396E690030799D /* FTPixmapGlyph.h */ = {isa = PBXFileReference; fileEncoding = 4; lastKnownFileType = sourcecode.c.h; path = FTPixmapGlyph.h; sourceTree = "<group>"; };
		20E418C717396E690030799D /* FTPoint.h */ = {isa = PBXFileReference; fileEncoding = 4; lastKnownFileType = sourcecode.c.h; path = FTPoint.h; sourceTree = "<group>"; };
		20E418C817396E690030799D /* FTPolyGlyph.h */ = {isa = PBXFileReference; fileEncoding = 4; lastKnownFileType = sourcecode.c.h; path = FTPolyGlyph.h; sourceTree = "<group>"; };
		20E418C917396E690030799D /* FTSize.h */ = {isa = PBXFileReference; fileEncoding = 4; lastKnownFileType = sourcecode.c.h; path = FTSize.h; sourceTree = "<group>"; };
		20E418CA17396E690030799D /* FTTextureGlyph.h */ = {isa = PBXFileReference; fileEncoding = 4; lastKnownFileType = sourcecode.c.h; path = FTTextureGlyph.h; sourceTree = "<group>"; };
		20E418CB17396E690030799D /* FTVector.h */ = {isa = PBXFileReference; fileEncoding = 4; lastKnownFileType = sourcecode.c.h; path = FTVector.h; sourceTree = "<group>"; };
		20E418CC17396E690030799D /* FTVectoriser.h */ = {isa = PBXFileReference; fileEncoding = 4; lastKnownFileType = sourcecode.c.h; path = FTVectoriser.h; sourceTree = "<group>"; };
		20E418CE17396E690030799D /* FTBitmapGlyph.cpp */ = {isa = PBXFileReference; fileEncoding = 4; lastKnownFileType = sourcecode.cpp.cpp; path = FTBitmapGlyph.cpp; sourceTree = "<group>"; };
		20E418CF17396E690030799D /* FTCharmap.cpp */ = {isa = PBXFileReference; fileEncoding = 4; lastKnownFileType = sourcecode.cpp.cpp; path = FTCharmap.cpp; sourceTree = "<group>"; };
		20E418D017396E690030799D /* FTContour.cpp */ = {isa = PBXFileReference; fileEncoding = 4; lastKnownFileType = sourcecode.cpp.cpp; path = FTContour.cpp; sourceTree = "<group>"; };
		20E418D117396E690030799D /* FTExtrdGlyph.cpp */ = {isa = PBXFileReference; fileEncoding = 4; lastKnownFileType = sourcecode.cpp.cpp; path = FTExtrdGlyph.cpp; sourceTree = "<group>"; };
		20E418D217396E690030799D /* FTFace.cpp */ = {isa = PBXFileReference; fileEncoding = 4; lastKnownFileType = sourcecode.cpp.cpp; path = FTFace.cpp; sourceTree = "<group>"; };
		20E418D317396E690030799D /* FTFont.cpp */ = {isa = PBXFileReference; fileEncoding = 4; lastKnownFileType = sourcecode.cpp.cpp; path = FTFont.cpp; sourceTree = "<group>"; };
		20E418D417396E690030799D /* FTGLBitmapFont.cpp */ = {isa = PBXFileReference; fileEncoding = 4; lastKnownFileType = sourcecode.cpp.cpp; path = FTGLBitmapFont.cpp; sourceTree = "<group>"; };
		20E418D517396E690030799D /* FTGLExtrdFont.cpp */ = {isa = PBXFileReference; fileEncoding = 4; lastKnownFileType = sourcecode.cpp.cpp; path = FTGLExtrdFont.cpp; sourceTree = "<group>"; };
		20E418D617396E690030799D /* FTGLOutlineFont.cpp */ = {isa = PBXFileReference; fileEncoding = 4; lastKnownFileType = sourcecode.cpp.cpp; path = FTGLOutlineFont.cpp; sourceTree = "<group>"; };
		20E418D717396E690030799D /* FTGLPixmapFont.cpp */ = {isa = PBXFileReference; fileEncoding = 4; lastKnownFileType = sourcecode.cpp.cpp; path = FTGLPixmapFont.cpp; sourceTree = "<group>"; };
		20E418D817396E690030799D /* FTGLPolygonFont.cpp */ = {isa = PBXFileReference; fileEncoding = 4; lastKnownFileType = sourcecode.cpp.cpp; path = FTGLPolygonFont.cpp; sourceTree = "<group>"; };
		20E418D917396E690030799D /* FTGLTextureFont.cpp */ = {isa = PBXFileReference; fileEncoding = 4; lastKnownFileType = sourcecode.cpp.cpp; path = FTGLTextureFont.cpp; sourceTree = "<group>"; };
		20E418DA17396E690030799D /* FTGlyph.cpp */ = {isa = PBXFileReference; fileEncoding = 4; lastKnownFileType = sourcecode.cpp.cpp; path = FTGlyph.cpp; sourceTree = "<group>"; };
		20E418DB17396E690030799D /* FTGlyphContainer.cpp */ = {isa = PBXFileReference; fileEncoding = 4; lastKnownFileType = sourcecode.cpp.cpp; path = FTGlyphContainer.cpp; sourceTree = "<group>"; };
		20E418DC17396E690030799D /* FTLibrary.cpp */ = {isa = PBXFileReference; fileEncoding = 4; lastKnownFileType = sourcecode.cpp.cpp; path = FTLibrary.cpp; sourceTree = "<group>"; };
		20E418DD17396E690030799D /* FTOutlineGlyph.cpp */ = {isa = PBXFileReference; fileEncoding = 4; lastKnownFileType = sourcecode.cpp.cpp; path = FTOutlineGlyph.cpp; sourceTree = "<group>"; };
		20E418DE17396E690030799D /* FTPixmapGlyph.cpp */ = {isa = PBXFileReference; fileEncoding = 4; lastKnownFileType = sourcecode.cpp.cpp; path = FTPixmapGlyph.cpp; sourceTree = "<group>"; };
		20E418DF17396E690030799D /* FTPoint.cpp */ = {isa = PBXFileReference; fileEncoding = 4; lastKnownFileType = sourcecode.cpp.cpp; path = FTPoint.cpp; sourceTree = "<group>"; };
		20E418E017396E690030799D /* FTPolyGlyph.cpp */ = {isa = PBXFileReference; fileEncoding = 4; lastKnownFileType = sourcecode.cpp.cpp; path = FTPolyGlyph.cpp; sourceTree = "<group>"; };
		20E418E117396E690030799D /* FTSize.cpp */ = {isa = PBXFileReference; fileEncoding = 4; lastKnownFileType = sourcecode.cpp.cpp; path = FTSize.cpp; sourceTree = "<group>"; };
		20E418E217396E690030799D /* FTTextureGlyph.cpp */ = {isa = PBXFileReference; fileEncoding = 4; lastKnownFileType = sourcecode.cpp.cpp; path = FTTextureGlyph.cpp; sourceTree = "<group>"; };
		20E418E317396E690030799D /* FTVectoriser.cpp */ = {isa = PBXFileReference; fileEncoding = 4; lastKnownFileType = sourcecode.cpp.cpp; path = FTVectoriser.cpp; sourceTree = "<group>"; };
		20E951E517356CB500A388F0 /* Common.h */ = {isa = PBXFileReference; explicitFileType = sourcecode.cpp.h; path = Common.h; sourceTree = "<group>"; };
/* End PBXFileReference section */

/* Begin PBXFrameworksBuildPhase section */
		205553021732D9AF00F8B2E7 /* Frameworks */ = {
			isa = PBXFrameworksBuildPhase;
			buildActionMask = 2147483647;
			files = (
				205553711732DE8A00F8B2E7 /* AppKit.framework in Frameworks */,
				2055536F1732DE8300F8B2E7 /* Foundation.framework in Frameworks */,
				2055536D1732DE7900F8B2E7 /* CoreGraphics.framework in Frameworks */,
				2055536C1732DE7100F8B2E7 /* IOKit.framework in Frameworks */,
				2055536B1732DE6E00F8B2E7 /* CoreFoundation.framework in Frameworks */,
				2055536A1732DE6900F8B2E7 /* OpenGL.framework in Frameworks */,
				2055535E1732DD3000F8B2E7 /* libGLFW.a in Frameworks */,
			);
			runOnlyForDeploymentPostprocessing = 0;
		};
		205553131732DC8300F8B2E7 /* Frameworks */ = {
			isa = PBXFrameworksBuildPhase;
			buildActionMask = 2147483647;
			files = (
			);
			runOnlyForDeploymentPostprocessing = 0;
		};
		2091BBD6173D63A7008D6FC3 /* Frameworks */ = {
			isa = PBXFrameworksBuildPhase;
			buildActionMask = 2147483647;
			files = (
			);
			runOnlyForDeploymentPostprocessing = 0;
		};
/* End PBXFrameworksBuildPhase section */

/* Begin PBXGroup section */
		201EB23E17334A4D0061138C /* Core */ = {
			isa = PBXGroup;
			children = (
				201EB23F17334A750061138C /* World.cpp */,
				201EB24017334A750061138C /* World.h */,
				201EB24217334B8C0061138C /* State.cpp */,
				201EB24317334B8C0061138C /* State.h */,
				201EB2501733509E0061138C /* Screen.cpp */,
				201EB2511733509E0061138C /* Screen.h */,
			);
			path = Core;
			sourceTree = "<group>";
		};
		201EB24517334BF80061138C /* Utilities */ = {
			isa = PBXGroup;
			children = (
				201EB24617334C170061138C /* Preferences.cpp */,
				201EB24717334C170061138C /* Preferences.h */,
				201EB24917334C2A0061138C /* Logger.cpp */,
				201EB24A17334C2A0061138C /* Logger.h */,
				20E951E517356CB500A388F0 /* Common.h */,
			);
			path = Utilities;
			sourceTree = "<group>";
		};
		201EB24C17334C2F0061138C /* Entities */ = {
			isa = PBXGroup;
			children = (
				201EB24D17334C3E0061138C /* Entity.cpp */,
				201EB24E17334C3E0061138C /* Entity.h */,
				201EB25D173355620061138C /* Actor.cpp */,
				201EB25E173355620061138C /* Actor.h */,
				201EB260173355670061138C /* Light.cpp */,
				201EB261173355670061138C /* Light.h */,
				20A3F45A173ABEC400811687 /* Text.cpp */,
				20A3F45B173ABEC400811687 /* Text.h */,
			);
			path = Entities;
			sourceTree = "<group>";
		};
		201EB256173352F70061138C /* HUD */ = {
			isa = PBXGroup;
			children = (
				201EB257173353020061138C /* HUD.cpp */,
				201EB258173353020061138C /* HUD.h */,
				201EB25A1733530E0061138C /* HUDLayer.cpp */,
				201EB25B1733530E0061138C /* HUDLayer.h */,
			);
			path = HUD;
			sourceTree = "<group>";
		};
		205552FC1732D9AF00F8B2E7 = {
			isa = PBXGroup;
			children = (
				205553071732D9AF00F8B2E7 /* Massive */,
				205553111732DC6400F8B2E7 /* Libraries */,
				2055535F1732DD3900F8B2E7 /* Frameworks */,
				205553061732D9AF00F8B2E7 /* Products */,
				201EB264173356870061138C /* LICENSE.txt */,
				201EB263173355DA0061138C /* README.md */,
			);
			sourceTree = "<group>";
		};
		205553061732D9AF00F8B2E7 /* Products */ = {
			isa = PBXGroup;
			children = (
				205553051732D9AF00F8B2E7 /* Massive */,
				205553161732DC8300F8B2E7 /* libGLFW.a */,
				2091BBD9173D63A7008D6FC3 /* libGLEW.a */,
			);
			name = Products;
			sourceTree = "<group>";
		};
		205553071732D9AF00F8B2E7 /* Massive */ = {
			isa = PBXGroup;
			children = (
				201EB256173352F70061138C /* HUD */,
				201EB24C17334C2F0061138C /* Entities */,
				201EB24517334BF80061138C /* Utilities */,
				20E951E6173574BD00A388F0 /* Messaging */,
				201EB23E17334A4D0061138C /* Core */,
				205553081732D9AF00F8B2E7 /* main.cpp */,
				201EB2681734201D0061138C /* Massive.h */,
			);
			path = Massive;
			sourceTree = "<group>";
		};
		205553111732DC6400F8B2E7 /* Libraries */ = {
			isa = PBXGroup;
			children = (
				20E41428173966D30030799D /* FTGL */,
				2091BBC5173D6378008D6FC3 /* GLEW */,
				205553521732DCA200F8B2E7 /* GLFW */,
			);
			name = Libraries;
			sourceTree = "<group>";
		};
		2055531A1732DC9F00F8B2E7 /* cocoa */ = {
			isa = PBXGroup;
			children = (
				205553221732DC9F00F8B2E7 /* cocoa_enable.m */,
				205553231732DC9F00F8B2E7 /* cocoa_fullscreen.m */,
				205553241732DC9F00F8B2E7 /* cocoa_glext.m */,
				205553251732DC9F00F8B2E7 /* cocoa_init.m */,
				205553261732DC9F00F8B2E7 /* cocoa_joystick.m */,
				205553271732DC9F00F8B2E7 /* cocoa_thread.c */,
				205553281732DC9F00F8B2E7 /* cocoa_time.m */,
				205553291732DC9F00F8B2E7 /* cocoa_window.m */,
				2055532A1732DC9F00F8B2E7 /* libglfw.pc.in */,
				2055532B1732DC9F00F8B2E7 /* Makefile.cocoa */,
				2055532C1732DC9F00F8B2E7 /* platform.h */,
			);
			name = cocoa;
			path = "Libraries/glfw-2.7.8/lib/cocoa";
			sourceTree = "<group>";
		};
		205553521732DCA200F8B2E7 /* GLFW */ = {
			isa = PBXGroup;
			children = (
				2055531A1732DC9F00F8B2E7 /* cocoa */,
				2055532D1732DC9F00F8B2E7 /* enable.c */,
				2055532E1732DC9F00F8B2E7 /* fullscreen.c */,
				2055532F1732DC9F00F8B2E7 /* glext.c */,
				205553301732DC9F00F8B2E7 /* image.c */,
				205553311732DC9F00F8B2E7 /* init.c */,
				205553321732DC9F00F8B2E7 /* input.c */,
				205553331732DC9F00F8B2E7 /* internal.h */,
				205553341732DC9F00F8B2E7 /* joystick.c */,
				205553351732DC9F00F8B2E7 /* stream.c */,
				205553361732DC9F00F8B2E7 /* tga.c */,
				205553371732DC9F00F8B2E7 /* thread.c */,
				205553381732DC9F00F8B2E7 /* time.c */,
				205553391732DC9F00F8B2E7 /* window.c */,
			);
			name = GLFW;
			sourceTree = "<group>";
		};
		2055535F1732DD3900F8B2E7 /* Frameworks */ = {
			isa = PBXGroup;
			children = (
				20E4180917396C5C0030799D /* AGL.framework */,
				205553701732DE8A00F8B2E7 /* AppKit.framework */,
				2055536E1732DE8300F8B2E7 /* Foundation.framework */,
				2055535C1732DD2D00F8B2E7 /* CoreFoundation.framework */,
				2055535A1732DD2900F8B2E7 /* CoreGraphics.framework */,
				205553581732DD2300F8B2E7 /* IOKit.framework */,
				205553561732DD1E00F8B2E7 /* OpenGL.framework */,
			);
			name = Frameworks;
			sourceTree = "<group>";
		};
		2091BBC5173D6378008D6FC3 /* GLEW */ = {
			isa = PBXGroup;
			children = (
				2091BBDD173D63AF008D6FC3 /* include */,
				2091BBE2173D63AF008D6FC3 /* src */,
			);
			name = GLEW;
			sourceTree = "<group>";
		};
		2091BBDD173D63AF008D6FC3 /* include */ = {
			isa = PBXGroup;
			children = (
				2091BBDE173D63AF008D6FC3 /* GL */,
			);
			name = include;
			path = "Libraries/glew-1.9.0/include";
			sourceTree = "<group>";
		};
		2091BBDE173D63AF008D6FC3 /* GL */ = {
			isa = PBXGroup;
			children = (
				2091BBDF173D63AF008D6FC3 /* glew.h */,
				2091BBE0173D63AF008D6FC3 /* glxew.h */,
				2091BBE1173D63AF008D6FC3 /* wglew.h */,
			);
			path = GL;
			sourceTree = "<group>";
		};
		2091BBE2173D63AF008D6FC3 /* src */ = {
			isa = PBXGroup;
			children = (
				2091BBE3173D63AF008D6FC3 /* glew.c */,
				2091BBE4173D63AF008D6FC3 /* glewinfo.c */,
				2091BBE5173D63AF008D6FC3 /* visualinfo.c */,
			);
			name = src;
			path = "Libraries/glew-1.9.0/src";
			sourceTree = "<group>";
		};
		20E41428173966D30030799D /* FTGL */ = {
			isa = PBXGroup;
			children = (
				20E418B117396E690030799D /* include */,
				20E418CD17396E690030799D /* src */,
			);
			name = FTGL;
			sourceTree = "<group>";
		};
		20E418B117396E690030799D /* include */ = {
			isa = PBXGroup;
			children = (
				20E418B217396E690030799D /* FTBBox.h */,
				20E418B317396E690030799D /* FTBitmapGlyph.h */,
				20E418B417396E690030799D /* FTCharmap.h */,
				20E418B517396E690030799D /* FTCharToGlyphIndexMap.h */,
				20E418B617396E690030799D /* FTContour.h */,
				20E418B717396E690030799D /* FTExtrdGlyph.h */,
				20E418B817396E690030799D /* FTFace.h */,
				20E418B917396E690030799D /* FTFont.h */,
				20E418BA17396E690030799D /* FTGL.h */,
				20E418BB17396E690030799D /* FTGLBitmapFont.h */,
				20E418BC17396E690030799D /* FTGLExtrdFont.h */,
				20E418BD17396E690030799D /* FTGLOutlineFont.h */,
				20E418BE17396E690030799D /* FTGLPixmapFont.h */,
				20E418BF17396E690030799D /* FTGLPolygonFont.h */,
				20E418C017396E690030799D /* FTGLTextureFont.h */,
				20E418C117396E690030799D /* FTGlyph.h */,
				20E418C217396E690030799D /* FTGlyphContainer.h */,
				20E418C317396E690030799D /* FTLibrary.h */,
				20E418C417396E690030799D /* FTList.h */,
				20E418C517396E690030799D /* FTOutlineGlyph.h */,
				20E418C617396E690030799D /* FTPixmapGlyph.h */,
				20E418C717396E690030799D /* FTPoint.h */,
				20E418C817396E690030799D /* FTPolyGlyph.h */,
				20E418C917396E690030799D /* FTSize.h */,
				20E418CA17396E690030799D /* FTTextureGlyph.h */,
				20E418CB17396E690030799D /* FTVector.h */,
				20E418CC17396E690030799D /* FTVectoriser.h */,
			);
			name = include;
			path = "Libraries/FTGL-2.1.2/include";
			sourceTree = "<group>";
		};
		20E418CD17396E690030799D /* src */ = {
			isa = PBXGroup;
			children = (
				20E418CE17396E690030799D /* FTBitmapGlyph.cpp */,
				20E418CF17396E690030799D /* FTCharmap.cpp */,
				20E418D017396E690030799D /* FTContour.cpp */,
				20E418D117396E690030799D /* FTExtrdGlyph.cpp */,
				20E418D217396E690030799D /* FTFace.cpp */,
				20E418D317396E690030799D /* FTFont.cpp */,
				20E418D417396E690030799D /* FTGLBitmapFont.cpp */,
				20E418D517396E690030799D /* FTGLExtrdFont.cpp */,
				20E418D617396E690030799D /* FTGLOutlineFont.cpp */,
				20E418D717396E690030799D /* FTGLPixmapFont.cpp */,
				20E418D817396E690030799D /* FTGLPolygonFont.cpp */,
				20E418D917396E690030799D /* FTGLTextureFont.cpp */,
				20E418DA17396E690030799D /* FTGlyph.cpp */,
				20E418DB17396E690030799D /* FTGlyphContainer.cpp */,
				20E418DC17396E690030799D /* FTLibrary.cpp */,
				20E418DD17396E690030799D /* FTOutlineGlyph.cpp */,
				20E418DE17396E690030799D /* FTPixmapGlyph.cpp */,
				20E418DF17396E690030799D /* FTPoint.cpp */,
				20E418E017396E690030799D /* FTPolyGlyph.cpp */,
				20E418E117396E690030799D /* FTSize.cpp */,
				20E418E217396E690030799D /* FTTextureGlyph.cpp */,
				20E418E317396E690030799D /* FTVectoriser.cpp */,
			);
			name = src;
			path = "Libraries/FTGL-2.1.2/src";
			sourceTree = "<group>";
		};
		20E951E6173574BD00A388F0 /* Messaging */ = {
			isa = PBXGroup;
			children = (
				201EB253173352A10061138C /* Observer.cpp */,
				201EB254173352A10061138C /* Observer.h */,
				201EB26517341C790061138C /* Message.cpp */,
				201EB26617341C790061138C /* Message.h */,
			);
			path = Messaging;
			sourceTree = "<group>";
		};
/* End PBXGroup section */

/* Begin PBXHeadersBuildPhase section */
		205553141732DC8300F8B2E7 /* Headers */ = {
			isa = PBXHeadersBuildPhase;
			buildActionMask = 2147483647;
			files = (
				205553421732DC9F00F8B2E7 /* platform.h in Headers */,
				205553491732DC9F00F8B2E7 /* internal.h in Headers */,
			);
			runOnlyForDeploymentPostprocessing = 0;
		};
		2091BBD7173D63A7008D6FC3 /* Headers */ = {
			isa = PBXHeadersBuildPhase;
			buildActionMask = 2147483647;
			files = (
				2091BBE6173D63AF008D6FC3 /* glew.h in Headers */,
				2091BBE7173D63AF008D6FC3 /* glxew.h in Headers */,
				2091BBE8173D63AF008D6FC3 /* wglew.h in Headers */,
			);
			runOnlyForDeploymentPostprocessing = 0;
		};
/* End PBXHeadersBuildPhase section */

/* Begin PBXNativeTarget section */
		205553041732D9AF00F8B2E7 /* Massive */ = {
			isa = PBXNativeTarget;
			buildConfigurationList = 2055530E1732D9AF00F8B2E7 /* Build configuration list for PBXNativeTarget "Massive" */;
			buildPhases = (
				205553021732D9AF00F8B2E7 /* Frameworks */,
				205553011732D9AF00F8B2E7 /* Sources */,
			);
			buildRules = (
			);
			dependencies = (
				2091BBED173D63F7008D6FC3 /* PBXTargetDependency */,
				20E4180517396C2A0030799D /* PBXTargetDependency */,
			);
			name = Massive;
			productName = Massive;
			productReference = 205553051732D9AF00F8B2E7 /* Massive */;
			productType = "com.apple.product-type.tool";
		};
		205553151732DC8300F8B2E7 /* GLFW */ = {
			isa = PBXNativeTarget;
			buildConfigurationList = 205553171732DC8300F8B2E7 /* Build configuration list for PBXNativeTarget "GLFW" */;
			buildPhases = (
				205553141732DC8300F8B2E7 /* Headers */,
				205553121732DC8300F8B2E7 /* Sources */,
				205553131732DC8300F8B2E7 /* Frameworks */,
			);
			buildRules = (
			);
			dependencies = (
			);
			name = GLFW;
			productName = GLFW;
			productReference = 205553161732DC8300F8B2E7 /* libGLFW.a */;
			productType = "com.apple.product-type.library.static";
		};
		2091BBD8173D63A7008D6FC3 /* GLEW */ = {
			isa = PBXNativeTarget;
			buildConfigurationList = 2091BBDA173D63A7008D6FC3 /* Build configuration list for PBXNativeTarget "GLEW" */;
			buildPhases = (
				2091BBD7173D63A7008D6FC3 /* Headers */,
				2091BBD5173D63A7008D6FC3 /* Sources */,
				2091BBD6173D63A7008D6FC3 /* Frameworks */,
			);
			buildRules = (
			);
			dependencies = (
			);
			name = GLEW;
			productName = GLEW;
			productReference = 2091BBD9173D63A7008D6FC3 /* libGLEW.a */;
			productType = "com.apple.product-type.library.static";
		};
/* End PBXNativeTarget section */

/* Begin PBXProject section */
		205552FD1732D9AF00F8B2E7 /* Project object */ = {
			isa = PBXProject;
			attributes = {
				LastUpgradeCheck = 0460;
				ORGANIZATIONNAME = "Massive Danger";
			};
			buildConfigurationList = 205553001732D9AF00F8B2E7 /* Build configuration list for PBXProject "Massive" */;
			compatibilityVersion = "Xcode 3.2";
			developmentRegion = English;
			hasScannedForEncodings = 0;
			knownRegions = (
				en,
			);
			mainGroup = 205552FC1732D9AF00F8B2E7;
			productRefGroup = 205553061732D9AF00F8B2E7 /* Products */;
			projectDirPath = "";
			projectRoot = "";
			targets = (
				205553041732D9AF00F8B2E7 /* Massive */,
				205553151732DC8300F8B2E7 /* GLFW */,
				2091BBD8173D63A7008D6FC3 /* GLEW */,
			);
		};
/* End PBXProject section */

/* Begin PBXSourcesBuildPhase section */
		205553011732D9AF00F8B2E7 /* Sources */ = {
			isa = PBXSourcesBuildPhase;
			buildActionMask = 2147483647;
			files = (
				205553091732D9AF00F8B2E7 /* main.cpp in Sources */,
				201EB24117334A750061138C /* World.cpp in Sources */,
				201EB24417334B8C0061138C /* State.cpp in Sources */,
				201EB24817334C170061138C /* Preferences.cpp in Sources */,
				201EB24B17334C2A0061138C /* Logger.cpp in Sources */,
				201EB24F17334C3E0061138C /* Entity.cpp in Sources */,
				201EB2521733509E0061138C /* Screen.cpp in Sources */,
				201EB255173352A10061138C /* Observer.cpp in Sources */,
				201EB259173353020061138C /* HUD.cpp in Sources */,
				201EB25C1733530E0061138C /* HUDLayer.cpp in Sources */,
				201EB25F173355620061138C /* Actor.cpp in Sources */,
				201EB262173355670061138C /* Light.cpp in Sources */,
				201EB26717341C790061138C /* Message.cpp in Sources */,
				20A3F45C173ABEC400811687 /* Text.cpp in Sources */,
			);
			runOnlyForDeploymentPostprocessing = 0;
		};
		205553121732DC8300F8B2E7 /* Sources */ = {
			isa = PBXSourcesBuildPhase;
			buildActionMask = 2147483647;
			files = (
				2055533A1732DC9F00F8B2E7 /* cocoa_enable.m in Sources */,
				2055533B1732DC9F00F8B2E7 /* cocoa_fullscreen.m in Sources */,
				2055533C1732DC9F00F8B2E7 /* cocoa_glext.m in Sources */,
				2055533D1732DC9F00F8B2E7 /* cocoa_init.m in Sources */,
				2055533E1732DC9F00F8B2E7 /* cocoa_joystick.m in Sources */,
				2055533F1732DC9F00F8B2E7 /* cocoa_thread.c in Sources */,
				205553401732DC9F00F8B2E7 /* cocoa_time.m in Sources */,
				205553411732DC9F00F8B2E7 /* cocoa_window.m in Sources */,
				205553431732DC9F00F8B2E7 /* enable.c in Sources */,
				205553441732DC9F00F8B2E7 /* fullscreen.c in Sources */,
				205553451732DC9F00F8B2E7 /* glext.c in Sources */,
				205553461732DC9F00F8B2E7 /* image.c in Sources */,
				205553471732DC9F00F8B2E7 /* init.c in Sources */,
				205553481732DC9F00F8B2E7 /* input.c in Sources */,
				2055534A1732DC9F00F8B2E7 /* joystick.c in Sources */,
				2055534B1732DC9F00F8B2E7 /* stream.c in Sources */,
				2055534C1732DC9F00F8B2E7 /* tga.c in Sources */,
				2055534D1732DC9F00F8B2E7 /* thread.c in Sources */,
				2055534E1732DC9F00F8B2E7 /* time.c in Sources */,
				2055534F1732DC9F00F8B2E7 /* window.c in Sources */,
			);
			runOnlyForDeploymentPostprocessing = 0;
		};
		2091BBD5173D63A7008D6FC3 /* Sources */ = {
			isa = PBXSourcesBuildPhase;
			buildActionMask = 2147483647;
			files = (
				2091BBE9173D63AF008D6FC3 /* glew.c in Sources */,
				2091BBEA173D63AF008D6FC3 /* glewinfo.c in Sources */,
				2091BBEB173D63AF008D6FC3 /* visualinfo.c in Sources */,
			);
			runOnlyForDeploymentPostprocessing = 0;
		};
/* End PBXSourcesBuildPhase section */

/* Begin PBXTargetDependency section */
		2091BBED173D63F7008D6FC3 /* PBXTargetDependency */ = {
			isa = PBXTargetDependency;
			target = 2091BBD8173D63A7008D6FC3 /* GLEW */;
			targetProxy = 2091BBEC173D63F7008D6FC3 /* PBXContainerItemProxy */;
		};
		20E4180517396C2A0030799D /* PBXTargetDependency */ = {
			isa = PBXTargetDependency;
			target = 205553151732DC8300F8B2E7 /* GLFW */;
			targetProxy = 20E4180417396C2A0030799D /* PBXContainerItemProxy */;
		};
/* End PBXTargetDependency section */

/* Begin XCBuildConfiguration section */
		2055530C1732D9AF00F8B2E7 /* Debug */ = {
			isa = XCBuildConfiguration;
			buildSettings = {
				ALWAYS_SEARCH_USER_PATHS = NO;
				ARCHS = "$(ARCHS_STANDARD_64_BIT)";
				CLANG_CXX_LANGUAGE_STANDARD = "gnu++0x";
				CLANG_CXX_LIBRARY = "libc++";
				CLANG_WARN_CONSTANT_CONVERSION = YES;
				CLANG_WARN_EMPTY_BODY = YES;
				CLANG_WARN_ENUM_CONVERSION = YES;
				CLANG_WARN_INT_CONVERSION = YES;
				CLANG_WARN__DUPLICATE_METHOD_MATCH = YES;
				COPY_PHASE_STRIP = NO;
				GCC_C_LANGUAGE_STANDARD = gnu99;
				GCC_DYNAMIC_NO_PIC = NO;
				GCC_ENABLE_OBJC_EXCEPTIONS = YES;
				GCC_OPTIMIZATION_LEVEL = 0;
				GCC_PREPROCESSOR_DEFINITIONS = (
					"DEBUG=1",
					"$(inherited)",
				);
				GCC_SYMBOLS_PRIVATE_EXTERN = NO;
				GCC_WARN_64_TO_32_BIT_CONVERSION = YES;
				GCC_WARN_ABOUT_RETURN_TYPE = YES;
				GCC_WARN_UNINITIALIZED_AUTOS = YES;
				GCC_WARN_UNUSED_VARIABLE = YES;
				MACOSX_DEPLOYMENT_TARGET = 10.8;
				ONLY_ACTIVE_ARCH = YES;
				SDKROOT = macosx;
			};
			name = Debug;
		};
		2055530D1732D9AF00F8B2E7 /* Release */ = {
			isa = XCBuildConfiguration;
			buildSettings = {
				ALWAYS_SEARCH_USER_PATHS = NO;
				ARCHS = "$(ARCHS_STANDARD_64_BIT)";
				CLANG_CXX_LANGUAGE_STANDARD = "gnu++0x";
				CLANG_CXX_LIBRARY = "libc++";
				CLANG_WARN_CONSTANT_CONVERSION = YES;
				CLANG_WARN_EMPTY_BODY = YES;
				CLANG_WARN_ENUM_CONVERSION = YES;
				CLANG_WARN_INT_CONVERSION = YES;
				CLANG_WARN__DUPLICATE_METHOD_MATCH = YES;
				COPY_PHASE_STRIP = YES;
				DEBUG_INFORMATION_FORMAT = "dwarf-with-dsym";
				GCC_C_LANGUAGE_STANDARD = gnu99;
				GCC_ENABLE_OBJC_EXCEPTIONS = YES;
				GCC_WARN_64_TO_32_BIT_CONVERSION = YES;
				GCC_WARN_ABOUT_RETURN_TYPE = YES;
				GCC_WARN_UNINITIALIZED_AUTOS = YES;
				GCC_WARN_UNUSED_VARIABLE = YES;
				MACOSX_DEPLOYMENT_TARGET = 10.8;
				SDKROOT = macosx;
			};
			name = Release;
		};
		2055530F1732D9AF00F8B2E7 /* Debug */ = {
			isa = XCBuildConfiguration;
			buildSettings = {
				CLANG_CXX_LANGUAGE_STANDARD = "compiler-default";
				GCC_C_LANGUAGE_STANDARD = c99;
				GCC_VERSION = com.apple.compilers.llvm.clang.1_0;
				GCC_WARN_PEDANTIC = NO;
				HEADER_SEARCH_PATHS = (
					"\"$(PROJECT_DIR)/Libraries/glew-1.9.0/include\"",
					"\"$(PROJECT_DIR)/Libraries/glfw-2.7.8/include\"",
				);
				LIBRARY_SEARCH_PATHS = (
					"$(inherited)",
					"\"$(SRCROOT)/Libraries/glfw-2.7.8/lib\"",
				);
				PRODUCT_NAME = "$(TARGET_NAME)";
			};
			name = Debug;
		};
		205553101732D9AF00F8B2E7 /* Release */ = {
			isa = XCBuildConfiguration;
			buildSettings = {
				CLANG_CXX_LANGUAGE_STANDARD = "compiler-default";
				GCC_C_LANGUAGE_STANDARD = c99;
				GCC_VERSION = com.apple.compilers.llvm.clang.1_0;
				GCC_WARN_PEDANTIC = NO;
				HEADER_SEARCH_PATHS = (
					"\"$(PROJECT_DIR)/Libraries/glew-1.9.0/include\"",
					"\"$(PROJECT_DIR)/Libraries/glfw-2.7.8/include\"",
				);
				LIBRARY_SEARCH_PATHS = (
					"$(inherited)",
					"\"$(SRCROOT)/Libraries/glfw-2.7.8/lib\"",
				);
				PRODUCT_NAME = "$(TARGET_NAME)";
			};
			name = Release;
		};
		205553181732DC8300F8B2E7 /* Debug */ = {
			isa = XCBuildConfiguration;
			buildSettings = {
				EXECUTABLE_PREFIX = lib;
				PRODUCT_NAME = "$(TARGET_NAME)";
				SKIP_INSTALL = YES;
			};
			name = Debug;
		};
		205553191732DC8300F8B2E7 /* Release */ = {
			isa = XCBuildConfiguration;
			buildSettings = {
				EXECUTABLE_PREFIX = lib;
				PRODUCT_NAME = "$(TARGET_NAME)";
				SKIP_INSTALL = YES;
			};
			name = Release;
		};
		2091BBDB173D63A7008D6FC3 /* Debug */ = {
			isa = XCBuildConfiguration;
			buildSettings = {
				EXECUTABLE_PREFIX = lib;
				HEADER_SEARCH_PATHS = "\"$(PROJECT_DIR)/Libraries/glew-1.9.0/include\"";
				PRODUCT_NAME = "$(TARGET_NAME)";
				SKIP_INSTALL = YES;
			};
			name = Debug;
		};
		2091BBDC173D63A7008D6FC3 /* Release */ = {
			isa = XCBuildConfiguration;
			buildSettings = {
				EXECUTABLE_PREFIX = lib;
				HEADER_SEARCH_PATHS = "\"$(PROJECT_DIR)/Libraries/glew-1.9.0/include\"";
				PRODUCT_NAME = "$(TARGET_NAME)";
				SKIP_INSTALL = YES;
			};
			name = Release;
		};
/* End XCBuildConfiguration section */

/* Begin XCConfigurationList section */
		205553001732D9AF00F8B2E7 /* Build configuration list for PBXProject "Massive" */ = {
			isa = XCConfigurationList;
			buildConfigurations = (
				2055530C1732D9AF00F8B2E7 /* Debug */,
				2055530D1732D9AF00F8B2E7 /* Release */,
			);
			defaultConfigurationIsVisible = 0;
			defaultConfigurationName = Release;
		};
		2055530E1732D9AF00F8B2E7 /* Build configuration list for PBXNativeTarget "Massive" */ = {
			isa = XCConfigurationList;
			buildConfigurations = (
				2055530F1732D9AF00F8B2E7 /* Debug */,
				205553101732D9AF00F8B2E7 /* Release */,
			);
			defaultConfigurationIsVisible = 0;
			defaultConfigurationName = Release;
		};
		205553171732DC8300F8B2E7 /* Build configuration list for PBXNativeTarget "GLFW" */ = {
			isa = XCConfigurationList;
			buildConfigurations = (
				205553181732DC8300F8B2E7 /* Debug */,
				205553191732DC8300F8B2E7 /* Release */,
			);
			defaultConfigurationIsVisible = 0;
			defaultConfigurationName = Release;
		};
		2091BBDA173D63A7008D6FC3 /* Build configuration list for PBXNativeTarget "GLEW" */ = {
			isa = XCConfigurationList;
			buildConfigurations = (
				2091BBDB173D63A7008D6FC3 /* Debug */,
				2091BBDC173D63A7008D6FC3 /* Release */,
			);
			defaultConfigurationIsVisible = 0;
			defaultConfigurationName = Release;
		};
/* End XCConfigurationList section */
	};
	rootObject = 205552FD1732D9AF00F8B2E7 /* Project object */;
}
